
Microsoft Visual Studio Solution File, Format Version 11.00
# Visual Basic Express 2010
Project("{F184B08F-C81C-45F6-A57F-5ABD9991F28F}") = "ColorSelector", "ColorSelector\ColorSelector.vbproj", "{2FE52EFB-060B-41FD-B7E3-E3512A0D4EA6}"
EndProject
Global
	GlobalSection(SolutionConfigurationPlatforms) = preSolution
		Debug|x86 = Debug|x86
		Release|x86 = Release|x86
	EndGlobalSection
	GlobalSection(ProjectConfigurationPlatforms) = postSolution
		{2FE52EFB-060B-41FD-B7E3-E3512A0D4EA6}.Debug|x86.ActiveCfg = Debug|x86
		{2FE52EFB-060B-41FD-B7E3-E3512A0D4EA6}.Debug|x86.Build.0 = Debug|x86
		{2FE52EFB-060B-41FD-B7E3-E3512A0D4EA6}.Release|x86.ActiveCfg = Release|x86
		{2FE52EFB-060B-41FD-B7E3-E3512A0D4EA6}.Release|x86.Build.0 = Release|x86
	EndGlobalSection
	GlobalSection(SolutionProperties) = preSolution
		HideSolutionNode = FALSE
	EndGlobalSection
EndGlobal
